
Microsoft Visual Studio Solution File, Format Version 12.00
# Visual Studio Version 17
VisualStudioVersion = 17.12.35527.113
MinimumVisualStudioVersion = 10.0.40219.1
Project("{FAE04EC0-301F-11D3-BF4B-00C04F79EFBC}") = "TDDTestingMVC", "TDDTestingMVC\TDDTestingMVC.csproj", "{2E616072-F6A0-46B4-8030-C571C72F5589}"
EndProject
Project("{FAE04EC0-301F-11D3-BF4B-00C04F79EFBC}") = "TestProyecto", "TestProyecto\TestProyecto.csproj", "{C73172CC-BC47-4782-BD8F-ED8B400571E4}"
EndProject
Project("{FAE04EC0-301F-11D3-BF4B-00C04F79EFBC}") = "ReqnrollTestProject2", "ReqnrollTestProject2\ReqnrollTestProject2.csproj", "{108ADBAD-A7DF-46A3-AE61-65293CF81A8A}"
EndProject
Global
	GlobalSection(SolutionConfigurationPlatforms) = preSolution
		Debug|Any CPU = Debug|Any CPU
		Release|Any CPU = Release|Any CPU
	EndGlobalSection
	GlobalSection(ProjectConfigurationPlatforms) = postSolution
		{2E616072-F6A0-46B4-8030-C571C72F5589}.Debug|Any CPU.ActiveCfg = Debug|Any CPU
		{2E616072-F6A0-46B4-8030-C571C72F5589}.Debug|Any CPU.Build.0 = Debug|Any CPU
		{2E616072-F6A0-46B4-8030-C571C72F5589}.Release|Any CPU.ActiveCfg = Release|Any CPU
		{2E616072-F6A0-46B4-8030-C571C72F5589}.Release|Any CPU.Build.0 = Release|Any CPU
		{C73172CC-BC47-4782-BD8F-ED8B400571E4}.Debug|Any CPU.ActiveCfg = Debug|Any CPU
		{C73172CC-BC47-4782-BD8F-ED8B400571E4}.Debug|Any CPU.Build.0 = Debug|Any CPU
		{C73172CC-BC47-4782-BD8F-ED8B400571E4}.Release|Any CPU.ActiveCfg = Release|Any CPU
		{C73172CC-BC47-4782-BD8F-ED8B400571E4}.Release|Any CPU.Build.0 = Release|Any CPU
		{108ADBAD-A7DF-46A3-AE61-65293CF81A8A}.Debug|Any CPU.ActiveCfg = Debug|Any CPU
		{108ADBAD-A7DF-46A3-AE61-65293CF81A8A}.Debug|Any CPU.Build.0 = Debug|Any CPU
		{108ADBAD-A7DF-46A3-AE61-65293CF81A8A}.Release|Any CPU.ActiveCfg = Release|Any CPU
		{108ADBAD-A7DF-46A3-AE61-65293CF81A8A}.Release|Any CPU.Build.0 = Release|Any CPU
	EndGlobalSection
	GlobalSection(SolutionProperties) = preSolution
		HideSolutionNode = FALSE
	EndGlobalSection
EndGlobal
